// !$*UTF8*$!
{
	archiveVersion = 1;
	classes = {
	};
	objectVersion = 55;
	objects = {

/* Begin PBXBuildFile section */
		00934CCE271DB6D300DB4735 /* AppDelegate.swift in Sources */ = {isa = PBXBuildFile; fileRef = 00934CCD271DB6D300DB4735 /* AppDelegate.swift */; };
		00934CD0271DB6D300DB4735 /* SceneDelegate.swift in Sources */ = {isa = PBXBuildFile; fileRef = 00934CCF271DB6D300DB4735 /* SceneDelegate.swift */; };
		00934CD2271DB6D300DB4735 /* ViewController.swift in Sources */ = {isa = PBXBuildFile; fileRef = 00934CD1271DB6D300DB4735 /* ViewController.swift */; };
		00934CD5271DB6D300DB4735 /* Main.storyboard in Resources */ = {isa = PBXBuildFile; fileRef = 00934CD3271DB6D300DB4735 /* Main.storyboard */; };
		00934CD7271DB6D500DB4735 /* Assets.xcassets in Resources */ = {isa = PBXBuildFile; fileRef = 00934CD6271DB6D500DB4735 /* Assets.xcassets */; };
		00934CDA271DB6D500DB4735 /* LaunchScreen.storyboard in Resources */ = {isa = PBXBuildFile; fileRef = 00934CD8271DB6D500DB4735 /* LaunchScreen.storyboard */; };
		00934CE3271DB6EF00DB4735 /* BounceCollectionViewLayout.framework in Frameworks */ = {isa = PBXBuildFile; fileRef = 00934CE2271DB6EF00DB4735 /* BounceCollectionViewLayout.framework */; };
		00934CE4271DB6EF00DB4735 /* BounceCollectionViewLayout.framework in Embed Frameworks */ = {isa = PBXBuildFile; fileRef = 00934CE2271DB6EF00DB4735 /* BounceCollectionViewLayout.framework */; settings = {ATTRIBUTES = (CodeSignOnCopy, RemoveHeadersOnCopy, ); }; };
/* End PBXBuildFile section */

/* Begin PBXCopyFilesBuildPhase section */
		00934CE5271DB6EF00DB4735 /* Embed Frameworks */ = {
			isa = PBXCopyFilesBuildPhase;
			buildActionMask = 2147483647;
			dstPath = "";
			dstSubfolderSpec = 10;
			files = (
				00934CE4271DB6EF00DB4735 /* BounceCollectionViewLayout.framework in Embed Frameworks */,
			);
			name = "Embed Frameworks";
			runOnlyForDeploymentPostprocessing = 0;
		};
/* End PBXCopyFilesBuildPhase section */

/* Begin PBXFileReference section */
		00934CCA271DB6D300DB4735 /* BounceCollectionViewLayoutExample.app */ = {isa = PBXFileReference; explicitFileType = wrapper.application; includeInIndex = 0; path = BounceCollectionViewLayoutExample.app; sourceTree = BUILT_PRODUCTS_DIR; };
		00934CCD271DB6D300DB4735 /* AppDelegate.swift */ = {isa = PBXFileReference; lastKnownFileType = sourcecode.swift; path = AppDelegate.swift; sourceTree = "<group>"; };
		00934CCF271DB6D300DB4735 /* SceneDelegate.swift */ = {isa = PBXFileReference; lastKnownFileType = sourcecode.swift; path = SceneDelegate.swift; sourceTree = "<group>"; };
		00934CD1271DB6D300DB4735 /* ViewController.swift */ = {isa = PBXFileReference; lastKnownFileType = sourcecode.swift; path = ViewController.swift; sourceTree = "<group>"; };
		00934CD4271DB6D300DB4735 /* Base */ = {isa = PBXFileReference; lastKnownFileType = file.storyboard; name = Base; path = Base.lproj/Main.storyboard; sourceTree = "<group>"; };
		00934CD6271DB6D500DB4735 /* Assets.xcassets */ = {isa = PBXFileReference; lastKnownFileType = folder.assetcatalog; path = Assets.xcassets; sourceTree = "<group>"; };
		00934CD9271DB6D500DB4735 /* Base */ = {isa = PBXFileReference; lastKnownFileType = file.storyboard; name = Base; path = Base.lproj/LaunchScreen.storyboard; sourceTree = "<group>"; };
		00934CDB271DB6D500DB4735 /* Info.plist */ = {isa = PBXFileReference; lastKnownFileType = text.plist.xml; path = Info.plist; sourceTree = "<group>"; };
		00934CE2271DB6EF00DB4735 /* BounceCollectionViewLayout.framework */ = {isa = PBXFileReference; explicitFileType = wrapper.framework; path = BounceCollectionViewLayout.framework; sourceTree = BUILT_PRODUCTS_DIR; };
/* End PBXFileReference section */

/* Begin PBXFrameworksBuildPhase section */
		00934CC7271DB6D300DB4735 /* Frameworks */ = {
			isa = PBXFrameworksBuildPhase;
			buildActionMask = 2147483647;
			files = (
				00934CE3271DB6EF00DB4735 /* BounceCollectionViewLayout.framework in Frameworks */,
			);
			runOnlyForDeploymentPostprocessing = 0;
		};
/* End PBXFrameworksBuildPhase section */

/* Begin PBXGroup section */
		00934CC1271DB6D300DB4735 = {
			isa = PBXGroup;
			children = (
				00934CCC271DB6D300DB4735 /* BounceCollectionViewLayoutExample */,
				00934CCB271DB6D300DB4735 /* Products */,
				00934CE1271DB6EF00DB4735 /* Frameworks */,
			);
			sourceTree = "<group>";
		};
		00934CCB271DB6D300DB4735 /* Products */ = {
			isa = PBXGroup;
			children = (
				00934CCA271DB6D300DB4735 /* BounceCollectionViewLayoutExample.app */,
			);
			name = Products;
			sourceTree = "<group>";
		};
		00934CCC271DB6D300DB4735 /* BounceCollectionViewLayoutExample */ = {
			isa = PBXGroup;
			children = (
				00934CCD271DB6D300DB4735 /* AppDelegate.swift */,
				00934CCF271DB6D300DB4735 /* SceneDelegate.swift */,
				00934CD1271DB6D300DB4735 /* ViewController.swift */,
				00934CD3271DB6D300DB4735 /* Main.storyboard */,
				00934CD6271DB6D500DB4735 /* Assets.xcassets */,
				00934CD8271DB6D500DB4735 /* LaunchScreen.storyboard */,
				00934CDB271DB6D500DB4735 /* Info.plist */,
			);
			path = BounceCollectionViewLayoutExample;
			sourceTree = "<group>";
		};
		00934CE1271DB6EF00DB4735 /* Frameworks */ = {
			isa = PBXGroup;
			children = (
				00934CE2271DB6EF00DB4735 /* BounceCollectionViewLayout.framework */,
			);
			name = Frameworks;
			sourceTree = "<group>";
		};
/* End PBXGroup section */

/* Begin PBXNativeTarget section */
		00934CC9271DB6D300DB4735 /* BounceCollectionViewLayoutExample */ = {
			isa = PBXNativeTarget;
			buildConfigurationList = 00934CDE271DB6D500DB4735 /* Build configuration list for PBXNativeTarget "BounceCollectionViewLayoutExample" */;
			buildPhases = (
				00934CC6271DB6D300DB4735 /* Sources */,
				00934CC7271DB6D300DB4735 /* Frameworks */,
				00934CC8271DB6D300DB4735 /* Resources */,
				00934CE5271DB6EF00DB4735 /* Embed Frameworks */,
			);
			buildRules = (
			);
			dependencies = (
			);
			name = BounceCollectionViewLayoutExample;
			productName = BounceCollectionViewLayoutExample;
			productReference = 00934CCA271DB6D300DB4735 /* BounceCollectionViewLayoutExample.app */;
			productType = "com.apple.product-type.application";
		};
/* End PBXNativeTarget section */

/* Begin PBXProject section */
		00934CC2271DB6D300DB4735 /* Project object */ = {
			isa = PBXProject;
			attributes = {
				BuildIndependentTargetsInParallel = 1;
				LastSwiftUpdateCheck = 1300;
				LastUpgradeCheck = 1300;
				TargetAttributes = {
					00934CC9271DB6D300DB4735 = {
						CreatedOnToolsVersion = 13.0;
					};
				};
			};
			buildConfigurationList = 00934CC5271DB6D300DB4735 /* Build configuration list for PBXProject "BounceCollectionViewLayoutExample" */;
			compatibilityVersion = "Xcode 13.0";
			developmentRegion = en;
			hasScannedForEncodings = 0;
			knownRegions = (
				en,
				Base,
			);
			mainGroup = 00934CC1271DB6D300DB4735;
			productRefGroup = 00934CCB271DB6D300DB4735 /* Products */;
			projectDirPath = "";
			projectRoot = "";
			targets = (
				00934CC9271DB6D300DB4735 /* BounceCollectionViewLayoutExample */,
			);
		};
/* End PBXProject section */

/* Begin PBXResourcesBuildPhase section */
		00934CC8271DB6D300DB4735 /* Resources */ = {
			isa = PBXResourcesBuildPhase;
			buildActionMask = 2147483647;
			files = (
				00934CDA271DB6D500DB4735 /* LaunchScreen.storyboard in Resources */,
				00934CD7271DB6D500DB4735 /* Assets.xcassets in Resources */,
				00934CD5271DB6D300DB4735 /* Main.storyboard in Resources */,
			);
			runOnlyForDeploymentPostprocessing = 0;
		};
/* End PBXResourcesBuildPhase section */

/* Begin PBXSourcesBuildPhase section */
		00934CC6271DB6D300DB4735 /* Sources */ = {
			isa = PBXSourcesBuildPhase;
			buildActionMask = 2147483647;
			files = (
				00934CD2271DB6D300DB4735 /* ViewController.swift in Sources */,
				00934CCE271DB6D300DB4735 /* AppDelegate.swift in Sources */,
				00934CD0271DB6D300DB4735 /* SceneDelegate.swift in Sources */,
			);
			runOnlyForDeploymentPostprocessing = 0;
		};
/* End PBXSourcesBuildPhase section */

/* Begin PBXVariantGroup section */
		00934CD3271DB6D300DB4735 /* Main.storyboard */ = {
			isa = PBXVariantGroup;
			children = (
				00934CD4271DB6D300DB4735 /* Base */,
			);
			name = Main.storyboard;
			sourceTree = "<group>";
		};
		00934CD8271DB6D500DB4735 /* LaunchScreen.storyboard */ = {
			isa = PBXVariantGroup;
			children = (
				00934CD9271DB6D500DB4735 /* Base */,
			);
			name = LaunchScreen.storyboard;
			sourceTree = "<group>";
		};
/* End PBXVariantGroup section */

/* Begin XCBuildConfiguration section */
		00934CDC271DB6D500DB4735 /* Debug */ = {
			isa = XCBuildConfiguration;
			buildSettings = {
				ALWAYS_SEARCH_USER_PATHS = NO;
				CLANG_ANALYZER_NONNULL = YES;
				CLANG_ANALYZER_NUMBER_OBJECT_CONVERSION = YES_AGGRESSIVE;
				CLANG_CXX_LANGUAGE_STANDARD = "gnu++17";
				CLANG_CXX_LIBRARY = "libc++";
				CLANG_ENABLE_MODULES = YES;
				CLANG_ENABLE_OBJC_ARC = YES;
				CLANG_ENABLE_OBJC_WEAK = YES;
				CLANG_WARN_BLOCK_CAPTURE_AUTORELEASING = YES;
				CLANG_WARN_BOOL_CONVERSION = YES;
				CLANG_WARN_COMMA = YES;
				CLANG_WARN_CONSTANT_CONVERSION = YES;
				CLANG_WARN_DEPRECATED_OBJC_IMPLEMENTATIONS = YES;
				CLANG_WARN_DIRECT_OBJC_ISA_USAGE = YES_ERROR;
				CLANG_WARN_DOCUMENTATION_COMMENTS = YES;
				CLANG_WARN_EMPTY_BODY = YES;
				CLANG_WARN_ENUM_CONVERSION = YES;
				CLANG_WARN_INFINITE_RECURSION = YES;
				CLANG_WARN_INT_CONVERSION = YES;
				CLANG_WARN_NON_LITERAL_NULL_CONVERSION = YES;
				CLANG_WARN_OBJC_IMPLICIT_RETAIN_SELF = YES;
				CLANG_WARN_OBJC_LITERAL_CONVERSION = YES;
				CLANG_WARN_OBJC_ROOT_CLASS = YES_ERROR;
				CLANG_WARN_QUOTED_INCLUDE_IN_FRAMEWORK_HEADER = YES;
				CLANG_WARN_RANGE_LOOP_ANALYSIS = YES;
				CLANG_WARN_STRICT_PROTOTYPES = YES;
				CLANG_WARN_SUSPICIOUS_MOVE = YES;
				CLANG_WARN_UNGUARDED_AVAILABILITY = YES_AGGRESSIVE;
				CLANG_WARN_UNREACHABLE_CODE = YES;
				CLANG_WARN__DUPLICATE_METHOD_MATCH = YES;
				COPY_PHASE_STRIP = NO;
				DEBUG_INFORMATION_FORMAT = dwarf;
				ENABLE_STRICT_OBJC_MSGSEND = YES;
				ENABLE_TESTABILITY = YES;
				GCC_C_LANGUAGE_STANDARD = gnu11;
				GCC_DYNAMIC_NO_PIC = NO;
				GCC_NO_COMMON_BLOCKS = YES;
				GCC_OPTIMIZATION_LEVEL = 0;
				GCC_PREPROCESSOR_DEFINITIONS = (
					"DEBUG=1",
					"$(inherited)",
				);
				GCC_WARN_64_TO_32_BIT_CONVERSION = YES;
				GCC_WARN_ABOUT_RETURN_TYPE = YES_ERROR;
				GCC_WARN_UNDECLARED_SELECTOR = YES;
				GCC_WARN_UNINITIALIZED_AUTOS = YES_AGGRESSIVE;
				GCC_WARN_UNUSED_FUNCTION = YES;
				GCC_WARN_UNUSED_VARIABLE = YES;
				IPHONEOS_DEPLOYMENT_TARGET = 15.0;
				MTL_ENABLE_DEBUG_INFO = INCLUDE_SOURCE;
				MTL_FAST_MATH = YES;
				ONLY_ACTIVE_ARCH = YES;
				SDKROOT = iphoneos;
				SWIFT_ACTIVE_COMPILATION_CONDITIONS = DEBUG;
				SWIFT_OPTIMIZATION_LEVEL = "-Onone";
			};
			name = Debug;
		};
		00934CDD271DB6D500DB4735 /* Release */ = {
			isa = XCBuildConfiguration;
			buildSettings = {
				ALWAYS_SEARCH_USER_PATHS = NO;
				CLANG_ANALYZER_NONNULL = YES;
				CLANG_ANALYZER_NUMBER_OBJECT_CONVERSION = YES_AGGRESSIVE;
				CLANG_CXX_LANGUAGE_STANDARD = "gnu++17";
				CLANG_CXX_LIBRARY = "libc++";
				CLANG_ENABLE_MODULES = YES;
				CLANG_ENABLE_OBJC_ARC = YES;
				CLANG_ENABLE_OBJC_WEAK = YES;
				CLANG_WARN_BLOCK_CAPTURE_AUTORELEASING = YES;
				CLANG_WARN_BOOL_CONVERSION = YES;
				CLANG_WARN_COMMA = YES;
				CLANG_WARN_CONSTANT_CONVERSION = YES;
				CLANG_WARN_DEPRECATED_OBJC_IMPLEMENTATIONS = YES;
				CLANG_WARN_DIRECT_OBJC_ISA_USAGE = YES_ERROR;
				CLANG_WARN_DOCUMENTATION_COMMENTS = YES;
				CLANG_WARN_EMPTY_BODY = YES;
				CLANG_WARN_ENUM_CONVERSION = YES;
				CLANG_WARN_INFINITE_RECURSION = YES;
				CLANG_WARN_INT_CONVERSION = YES;
				CLANG_WARN_NON_LITERAL_NULL_CONVERSION = YES;
				CLANG_WARN_OBJC_IMPLICIT_RETAIN_SELF = YES;
				CLANG_WARN_OBJC_LITERAL_CONVERSION = YES;
				CLANG_WARN_OBJC_ROOT_CLASS = YES_ERROR;
				CLANG_WARN_QUOTED_INCLUDE_IN_FRAMEWORK_HEADER = YES;
				CLANG_WARN_RANGE_LOOP_ANALYSIS = YES;
				CLANG_WARN_STRICT_PROTOTYPES = YES;
				CLANG_WARN_SUSPICIOUS_MOVE = YES;
				CLANG_WARN_UNGUARDED_AVAILABILITY = YES_AGGRESSIVE;
				CLANG_WARN_UNREACHABLE_CODE = YES;
				CLANG_WARN__DUPLICATE_METHOD_MATCH = YES;
				COPY_PHASE_STRIP = NO;
				DEBUG_INFORMATION_FORMAT = "dwarf-with-dsym";
				ENABLE_NS_ASSERTIONS = NO;
				ENABLE_STRICT_OBJC_MSGSEND = YES;
				GCC_C_LANGUAGE_STANDARD = gnu11;
				GCC_NO_COMMON_BLOCKS = YES;
				GCC_WARN_64_TO_32_BIT_CONVERSION = YES;
				GCC_WARN_ABOUT_RETURN_TYPE = YES_ERROR;
				GCC_WARN_UNDECLARED_SELECTOR = YES;
				GCC_WARN_UNINITIALIZED_AUTOS = YES_AGGRESSIVE;
				GCC_WARN_UNUSED_FUNCTION = YES;
				GCC_WARN_UNUSED_VARIABLE = YES;
				IPHONEOS_DEPLOYMENT_TARGET = 15.0;
				MTL_ENABLE_DEBUG_INFO = NO;
				MTL_FAST_MATH = YES;
				SDKROOT = iphoneos;
				SWIFT_COMPILATION_MODE = wholemodule;
				SWIFT_OPTIMIZATION_LEVEL = "-O";
				VALIDATE_PRODUCT = YES;
			};
			name = Release;
		};
		00934CDF271DB6D500DB4735 /* Debug */ = {
			isa = XCBuildConfiguration;
			buildSettings = {
				ASSETCATALOG_COMPILER_APPICON_NAME = AppIcon;
				ASSETCATALOG_COMPILER_GLOBAL_ACCENT_COLOR_NAME = AccentColor;
				CODE_SIGN_STYLE = Automatic;
				CURRENT_PROJECT_VERSION = 1;
				GENERATE_INFOPLIST_FILE = YES;
				INFOPLIST_FILE = BounceCollectionViewLayoutExample/Info.plist;
				INFOPLIST_KEY_UIApplicationSupportsIndirectInputEvents = YES;
				INFOPLIST_KEY_UILaunchStoryboardName = LaunchScreen;
				INFOPLIST_KEY_UIMainStoryboardFile = Main;
				INFOPLIST_KEY_UISupportedInterfaceOrientations_iPad = "UIInterfaceOrientationPortrait UIInterfaceOrientationPortraitUpsideDown UIInterfaceOrientationLandscapeLeft UIInterfaceOrientationLandscapeRight";
				INFOPLIST_KEY_UISupportedInterfaceOrientations_iPhone = "UIInterfaceOrientationPortrait UIInterfaceOrientationLandscapeLeft UIInterfaceOrientationLandscapeRight";
				LD_RUNPATH_SEARCH_PATHS = (
					"$(inherited)",
					"@executable_path/Frameworks",
				);
				MARKETING_VERSION = 1.0;
				PRODUCT_BUNDLE_IDENTIFIER = com.tidbitapps.BounceCollectionViewLayoutExample;
				PRODUCT_NAME = "$(TARGET_NAME)";
				SWIFT_EMIT_LOC_STRINGS = YES;
				SWIFT_VERSION = 5.0;
				TARGETED_DEVICE_FAMILY = "1,2";
			};
			name = Debug;
		};
		00934CE0271DB6D500DB4735 /* Release */ = {
			isa = XCBuildConfiguration;
			buildSettings = {
				ASSETCATALOG_COMPILER_APPICON_NAME = AppIcon;
				ASSETCATALOG_COMPILER_GLOBAL_ACCENT_COLOR_NAME = AccentColor;
				CODE_SIGN_STYLE = Automatic;
				CURRENT_PROJECT_VERSION = 1;
				GENERATE_INFOPLIST_FILE = YES;
				INFOPLIST_FILE = BounceCollectionViewLayoutExample/Info.plist;
				INFOPLIST_KEY_UIApplicationSupportsIndirectInputEvents = YES;
				INFOPLIST_KEY_UILaunchStoryboardName = LaunchScreen;
				INFOPLIST_KEY_UIMainStoryboardFile = Main;
				INFOPLIST_KEY_UISupportedInterfaceOrientations_iPad = "UIInterfaceOrientationPortrait UIInterfaceOrientationPortraitUpsideDown UIInterfaceOrientationLandscapeLeft UIInterfaceOrientationLandscapeRight";
				INFOPLIST_KEY_UISupportedInterfaceOrientations_iPhone = "UIInterfaceOrientationPortrait UIInterfaceOrientationLandscapeLeft UIInterfaceOrientationLandscapeRight";
				LD_RUNPATH_SEARCH_PATHS = (
					"$(inherited)",
					"@executable_path/Frameworks",
				);
				MARKETING_VERSION = 1.0;
				PRODUCT_BUNDLE_IDENTIFIER = com.tidbitapps.BounceCollectionViewLayoutExample;
				PRODUCT_NAME = "$(TARGET_NAME)";
				SWIFT_EMIT_LOC_STRINGS = YES;
				SWIFT_VERSION = 5.0;
				TARGETED_DEVICE_FAMILY = "1,2";
			};
			name = Release;
		};
/* End XCBuildConfiguration section */

/* Begin XCConfigurationList section */
		00934CC5271DB6D300DB4735 /* Build configuration list for PBXProject "BounceCollectionViewLayoutExample" */ = {
			isa = XCConfigurationList;
			buildConfigurations = (
				00934CDC271DB6D500DB4735 /* Debug */,
				00934CDD271DB6D500DB4735 /* Release */,
			);
			defaultConfigurationIsVisible = 0;
			defaultConfigurationName = Release;
		};
		00934CDE271DB6D500DB4735 /* Build configuration list for PBXNativeTarget "BounceCollectionViewLayoutExample" */ = {
			isa = XCConfigurationList;
			buildConfigurations = (
				00934CDF271DB6D500DB4735 /* Debug */,
				00934CE0271DB6D500DB4735 /* Release */,
			);
			defaultConfigurationIsVisible = 0;
			defaultConfigurationName = Release;
		};
/* End XCConfigurationList section */
	};
	rootObject = 00934CC2271DB6D300DB4735 /* Project object */;
}
